
Microsoft Visual Studio Solution File, Format Version 12.00
# Visual Studio Version 17
VisualStudioVersion = 17.0.31903.59
MinimumVisualStudioVersion = 10.0.40219.1
Project("{FAE04EC0-301F-11D3-BF4B-00C04F79EFBC}") = "example4", "example4\example4.csproj", "{FCA9179B-F473-473A-9F5C-0D35968EB66D}"
EndProject
Global
	GlobalSection(SolutionConfigurationPlatforms) = preSolution
		Debug|Any CPU = Debug|Any CPU
		Release|Any CPU = Release|Any CPU
	EndGlobalSection
	GlobalSection(ProjectConfigurationPlatforms) = postSolution
		{FCA9179B-F473-473A-9F5C-0D35968EB66D}.Debug|Any CPU.ActiveCfg = Debug|Any CPU
		{FCA9179B-F473-473A-9F5C-0D35968EB66D}.Debug|Any CPU.Build.0 = Debug|Any CPU
		{FCA9179B-F473-473A-9F5C-0D35968EB66D}.Release|Any CPU.ActiveCfg = Release|Any CPU
		{FCA9179B-F473-473A-9F5C-0D35968EB66D}.Release|Any CPU.Build.0 = Release|Any CPU
	EndGlobalSection
	GlobalSection(SolutionProperties) = preSolution
		HideSolutionNode = FALSE
	EndGlobalSection
	GlobalSection(ExtensibilityGlobals) = postSolution
		SolutionGuid = {D34A64C3-C53B-44C1-BA68-CF5639A9DD63}
	EndGlobalSection
EndGlobal
